// !$*UTF8*$!
{
	archiveVersion = 1;
	classes = {
	};
	objectVersion = 46;
	objects = {

/* Begin PBXBuildFile section */
		01BB44861E8F92A4004D7E74 /* main.m in Sources */ = {isa = PBXBuildFile; fileRef = 01BB44851E8F92A4004D7E74 /* main.m */; };
		01BB44891E8F92A4004D7E74 /* AppDelegate.m in Sources */ = {isa = PBXBuildFile; fileRef = 01BB44881E8F92A4004D7E74 /* AppDelegate.m */; };
		01BB448C1E8F92A4004D7E74 /* ViewController.m in Sources */ = {isa = PBXBuildFile; fileRef = 01BB448B1E8F92A4004D7E74 /* ViewController.m */; };
		01BB448F1E8F92A4004D7E74 /* Main.storyboard in Resources */ = {isa = PBXBuildFile; fileRef = 01BB448D1E8F92A4004D7E74 /* Main.storyboard */; };
		01BB44911E8F92A4004D7E74 /* Assets.xcassets in Resources */ = {isa = PBXBuildFile; fileRef = 01BB44901E8F92A4004D7E74 /* Assets.xcassets */; };
		01BB44941E8F92A4004D7E74 /* LaunchScreen.storyboard in Resources */ = {isa = PBXBuildFile; fileRef = 01BB44921E8F92A4004D7E74 /* LaunchScreen.storyboard */; };
		01BB449F1E8F92A4004D7E74 /* XRZTransitionTests.m in Sources */ = {isa = PBXBuildFile; fileRef = 01BB449E1E8F92A4004D7E74 /* XRZTransitionTests.m */; };
		01BB44AA1E8F92A4004D7E74 /* XRZTransitionUITests.m in Sources */ = {isa = PBXBuildFile; fileRef = 01BB44A91E8F92A4004D7E74 /* XRZTransitionUITests.m */; };
/* End PBXBuildFile section */

/* Begin PBXContainerItemProxy section */
		01BB449B1E8F92A4004D7E74 /* PBXContainerItemProxy */ = {
			isa = PBXContainerItemProxy;
			containerPortal = 01BB44791E8F92A4004D7E74 /* Project object */;
			proxyType = 1;
			remoteGlobalIDString = 01BB44801E8F92A4004D7E74;
			remoteInfo = XRZTransition;
		};
		01BB44A61E8F92A4004D7E74 /* PBXContainerItemProxy */ = {
			isa = PBXContainerItemProxy;
			containerPortal = 01BB44791E8F92A4004D7E74 /* Project object */;
			proxyType = 1;
			remoteGlobalIDString = 01BB44801E8F92A4004D7E74;
			remoteInfo = XRZTransition;
		};
/* End PBXContainerItemProxy section */

/* Begin PBXFileReference section */
		01BB44811E8F92A4004D7E74 /* XRZTransition.app */ = {isa = PBXFileReference; explicitFileType = wrapper.application; includeInIndex = 0; path = XRZTransition.app; sourceTree = BUILT_PRODUCTS_DIR; };
		01BB44851E8F92A4004D7E74 /* main.m */ = {isa = PBXFileReference; lastKnownFileType = sourcecode.c.objc; path = main.m; sourceTree = "<group>"; };
		01BB44871E8F92A4004D7E74 /* AppDelegate.h */ = {isa = PBXFileReference; lastKnownFileType = sourcecode.c.h; path = AppDelegate.h; sourceTree = "<group>"; };
		01BB44881E8F92A4004D7E74 /* AppDelegate.m */ = {isa = PBXFileReference; lastKnownFileType = sourcecode.c.objc; path = AppDelegate.m; sourceTree = "<group>"; };
		01BB448A1E8F92A4004D7E74 /* ViewController.h */ = {isa = PBXFileReference; lastKnownFileType = sourcecode.c.h; path = ViewController.h; sourceTree = "<group>"; };
		01BB448B1E8F92A4004D7E74 /* ViewController.m */ = {isa = PBXFileReference; lastKnownFileType = sourcecode.c.objc; path = ViewController.m; sourceTree = "<group>"; };
		01BB448E1E8F92A4004D7E74 /* Base */ = {isa = PBXFileReference; lastKnownFileType = file.storyboard; name = Base; path = Base.lproj/Main.storyboard; sourceTree = "<group>"; };
		01BB44901E8F92A4004D7E74 /* Assets.xcassets */ = {isa = PBXFileReference; lastKnownFileType = folder.assetcatalog; path = Assets.xcassets; sourceTree = "<group>"; };
		01BB44931E8F92A4004D7E74 /* Base */ = {isa = PBXFileReference; lastKnownFileType = file.storyboard; name = Base; path = Base.lproj/LaunchScreen.storyboard; sourceTree = "<group>"; };
		01BB44951E8F92A4004D7E74 /* Info.plist */ = {isa = PBXFileReference; lastKnownFileType = text.plist.xml; path = Info.plist; sourceTree = "<group>"; };
		01BB449A1E8F92A4004D7E74 /* XRZTransitionTests.xctest */ = {isa = PBXFileReference; explicitFileType = wrapper.cfbundle; includeInIndex = 0; path = XRZTransitionTests.xctest; sourceTree = BUILT_PRODUCTS_DIR; };
		01BB449E1E8F92A4004D7E74 /* XRZTransitionTests.m */ = {isa = PBXFileReference; lastKnownFileType = sourcecode.c.objc; path = XRZTransitionTests.m; sourceTree = "<group>"; };
		01BB44A01E8F92A4004D7E74 /* Info.plist */ = {isa = PBXFileReference; lastKnownFileType = text.plist.xml; path = Info.plist; sourceTree = "<group>"; };
		01BB44A51E8F92A4004D7E74 /* XRZTransitionUITests.xctest */ = {isa = PBXFileReference; explicitFileType = wrapper.cfbundle; includeInIndex = 0; path = XRZTransitionUITests.xctest; sourceTree = BUILT_PRODUCTS_DIR; };
		01BB44A91E8F92A4004D7E74 /* XRZTransitionUITests.m */ = {isa = PBXFileReference; lastKnownFileType = sourcecode.c.objc; path = XRZTransitionUITests.m; sourceTree = "<group>"; };
		01BB44AB1E8F92A4004D7E74 /* Info.plist */ = {isa = PBXFileReference; lastKnownFileType = text.plist.xml; path = Info.plist; sourceTree = "<group>"; };
/* End PBXFileReference section */

/* Begin PBXFrameworksBuildPhase section */
		01BB447E1E8F92A4004D7E74 /* Frameworks */ = {
			isa = PBXFrameworksBuildPhase;
			buildActionMask = 2147483647;
			files = (
			);
			runOnlyForDeploymentPostprocessing = 0;
		};
		01BB44971E8F92A4004D7E74 /* Frameworks */ = {
			isa = PBXFrameworksBuildPhase;
			buildActionMask = 2147483647;
			files = (
			);
			runOnlyForDeploymentPostprocessing = 0;
		};
		01BB44A21E8F92A4004D7E74 /* Frameworks */ = {
			isa = PBXFrameworksBuildPhase;
			buildActionMask = 2147483647;
			files = (
			);
			runOnlyForDeploymentPostprocessing = 0;
		};
/* End PBXFrameworksBuildPhase section */

/* Begin PBXGroup section */
		01BB44781E8F92A4004D7E74 = {
			isa = PBXGroup;
			children = (
				01BB44831E8F92A4004D7E74 /* XRZTransition */,
				01BB449D1E8F92A4004D7E74 /* XRZTransitionTests */,
				01BB44A81E8F92A4004D7E74 /* XRZTransitionUITests */,
				01BB44821E8F92A4004D7E74 /* Products */,
			);
			sourceTree = "<group>";
		};
		01BB44821E8F92A4004D7E74 /* Products */ = {
			isa = PBXGroup;
			children = (
				01BB44811E8F92A4004D7E74 /* XRZTransition.app */,
				01BB449A1E8F92A4004D7E74 /* XRZTransitionTests.xctest */,
				01BB44A51E8F92A4004D7E74 /* XRZTransitionUITests.xctest */,
			);
			name = Products;
			sourceTree = "<group>";
		};
		01BB44831E8F92A4004D7E74 /* XRZTransition */ = {
			isa = PBXGroup;
			children = (
				01BB44871E8F92A4004D7E74 /* AppDelegate.h */,
				01BB44881E8F92A4004D7E74 /* AppDelegate.m */,
				01BB448A1E8F92A4004D7E74 /* ViewController.h */,
				01BB448B1E8F92A4004D7E74 /* ViewController.m */,
				01BB448D1E8F92A4004D7E74 /* Main.storyboard */,
				01BB44901E8F92A4004D7E74 /* Assets.xcassets */,
				01BB44921E8F92A4004D7E74 /* LaunchScreen.storyboard */,
				01BB44951E8F92A4004D7E74 /* Info.plist */,
				01BB44841E8F92A4004D7E74 /* Supporting Files */,
			);
			path = XRZTransition;
			sourceTree = "<group>";
		};
		01BB44841E8F92A4004D7E74 /* Supporting Files */ = {
			isa = PBXGroup;
			children = (
				01BB44851E8F92A4004D7E74 /* main.m */,
			);
			name = "Supporting Files";
			sourceTree = "<group>";
		};
		01BB449D1E8F92A4004D7E74 /* XRZTransitionTests */ = {
			isa = PBXGroup;
			children = (
				01BB449E1E8F92A4004D7E74 /* XRZTransitionTests.m */,
				01BB44A01E8F92A4004D7E74 /* Info.plist */,
			);
			path = XRZTransitionTests;
			sourceTree = "<group>";
		};
		01BB44A81E8F92A4004D7E74 /* XRZTransitionUITests */ = {
			isa = PBXGroup;
			children = (
				01BB44A91E8F92A4004D7E74 /* XRZTransitionUITests.m */,
				01BB44AB1E8F92A4004D7E74 /* Info.plist */,
			);
			path = XRZTransitionUITests;
			sourceTree = "<group>";
		};
/* End PBXGroup section */

/* Begin PBXNativeTarget section */
		01BB44801E8F92A4004D7E74 /* XRZTransition */ = {
			isa = PBXNativeTarget;
			buildConfigurationList = 01BB44AE1E8F92A4004D7E74 /* Build configuration list for PBXNativeTarget "XRZTransition" */;
			buildPhases = (
				01BB447D1E8F92A4004D7E74 /* Sources */,
				01BB447E1E8F92A4004D7E74 /* Frameworks */,
				01BB447F1E8F92A4004D7E74 /* Resources */,
			);
			buildRules = (
			);
			dependencies = (
			);
			name = XRZTransition;
			productName = XRZTransition;
			productReference = 01BB44811E8F92A4004D7E74 /* XRZTransition.app */;
			productType = "com.apple.product-type.application";
		};
		01BB44991E8F92A4004D7E74 /* XRZTransitionTests */ = {
			isa = PBXNativeTarget;
			buildConfigurationList = 01BB44B11E8F92A4004D7E74 /* Build configuration list for PBXNativeTarget "XRZTransitionTests" */;
			buildPhases = (
				01BB44961E8F92A4004D7E74 /* Sources */,
				01BB44971E8F92A4004D7E74 /* Frameworks */,
				01BB44981E8F92A4004D7E74 /* Resources */,
			);
			buildRules = (
			);
			dependencies = (
				01BB449C1E8F92A4004D7E74 /* PBXTargetDependency */,
			);
			name = XRZTransitionTests;
			productName = XRZTransitionTests;
			productReference = 01BB449A1E8F92A4004D7E74 /* XRZTransitionTests.xctest */;
			productType = "com.apple.product-type.bundle.unit-test";
		};
		01BB44A41E8F92A4004D7E74 /* XRZTransitionUITests */ = {
			isa = PBXNativeTarget;
			buildConfigurationList = 01BB44B41E8F92A4004D7E74 /* Build configuration list for PBXNativeTarget "XRZTransitionUITests" */;
			buildPhases = (
				01BB44A11E8F92A4004D7E74 /* Sources */,
				01BB44A21E8F92A4004D7E74 /* Frameworks */,
				01BB44A31E8F92A4004D7E74 /* Resources */,
			);
			buildRules = (
			);
			dependencies = (
				01BB44A71E8F92A4004D7E74 /* PBXTargetDependency */,
			);
			name = XRZTransitionUITests;
			productName = XRZTransitionUITests;
			productReference = 01BB44A51E8F92A4004D7E74 /* XRZTransitionUITests.xctest */;
			productType = "com.apple.product-type.bundle.ui-testing";
		};
/* End PBXNativeTarget section */

/* Begin PBXProject section */
		01BB44791E8F92A4004D7E74 /* Project object */ = {
			isa = PBXProject;
			attributes = {
				LastUpgradeCheck = 0830;
				ORGANIZATIONNAME = Cactus;
				TargetAttributes = {
					01BB44801E8F92A4004D7E74 = {
						CreatedOnToolsVersion = 8.3;
						DevelopmentTeam = 599FJK8FBV;
						ProvisioningStyle = Automatic;
					};
					01BB44991E8F92A4004D7E74 = {
						CreatedOnToolsVersion = 8.3;
						DevelopmentTeam = 599FJK8FBV;
						ProvisioningStyle = Automatic;
						TestTargetID = 01BB44801E8F92A4004D7E74;
					};
					01BB44A41E8F92A4004D7E74 = {
						CreatedOnToolsVersion = 8.3;
						DevelopmentTeam = 599FJK8FBV;
						ProvisioningStyle = Automatic;
						TestTargetID = 01BB44801E8F92A4004D7E74;
					};
				};
			};
			buildConfigurationList = 01BB447C1E8F92A4004D7E74 /* Build configuration list for PBXProject "XRZTransition" */;
			compatibilityVersion = "Xcode 3.2";
			developmentRegion = English;
			hasScannedForEncodings = 0;
			knownRegions = (
				en,
				Base,
			);
			mainGroup = 01BB44781E8F92A4004D7E74;
			productRefGroup = 01BB44821E8F92A4004D7E74 /* Products */;
			projectDirPath = "";
			projectRoot = "";
			targets = (
				01BB44801E8F92A4004D7E74 /* XRZTransition */,
				01BB44991E8F92A4004D7E74 /* XRZTransitionTests */,
				01BB44A41E8F92A4004D7E74 /* XRZTransitionUITests */,
			);
		};
/* End PBXProject section */

/* Begin PBXResourcesBuildPhase section */
		01BB447F1E8F92A4004D7E74 /* Resources */ = {
			isa = PBXResourcesBuildPhase;
			buildActionMask = 2147483647;
			files = (
				01BB44941E8F92A4004D7E74 /* LaunchScreen.storyboard in Resources */,
				01BB44911E8F92A4004D7E74 /* Assets.xcassets in Resources */,
				01BB448F1E8F92A4004D7E74 /* Main.storyboard in Resources */,
			);
			runOnlyForDeploymentPostprocessing = 0;
		};
		01BB44981E8F92A4004D7E74 /* Resources */ = {
			isa = PBXResourcesBuildPhase;
			buildActionMask = 2147483647;
			files = (
			);
			runOnlyForDeploymentPostprocessing = 0;
		};
		01BB44A31E8F92A4004D7E74 /* Resources */ = {
			isa = PBXResourcesBuildPhase;
			buildActionMask = 2147483647;
			files = (
			);
			runOnlyForDeploymentPostprocessing = 0;
		};
/* End PBXResourcesBuildPhase section */

/* Begin PBXSourcesBuildPhase section */
		01BB447D1E8F92A4004D7E74 /* Sources */ = {
			isa = PBXSourcesBuildPhase;
			buildActionMask = 2147483647;
			files = (
				01BB448C1E8F92A4004D7E74 /* ViewController.m in Sources */,
				01BB44891E8F92A4004D7E74 /* AppDelegate.m in Sources */,
				01BB44861E8F92A4004D7E74 /* main.m in Sources */,
			);
			runOnlyForDeploymentPostprocessing = 0;
		};
		01BB44961E8F92A4004D7E74 /* Sources */ = {
			isa = PBXSourcesBuildPhase;
			buildActionMask = 2147483647;
			files = (
				01BB449F1E8F92A4004D7E74 /* XRZTransitionTests.m in Sources */,
			);
			runOnlyForDeploymentPostprocessing = 0;
		};
		01BB44A11E8F92A4004D7E74 /* Sources */ = {
			isa = PBXSourcesBuildPhase;
			buildActionMask = 2147483647;
			files = (
				01BB44AA1E8F92A4004D7E74 /* XRZTransitionUITests.m in Sources */,
			);
			runOnlyForDeploymentPostprocessing = 0;
		};
/* End PBXSourcesBuildPhase section */

/* Begin PBXTargetDependency section */
		01BB449C1E8F92A4004D7E74 /* PBXTargetDependency */ = {
			isa = PBXTargetDependency;
			target = 01BB44801E8F92A4004D7E74 /* XRZTransition */;
			targetProxy = 01BB449B1E8F92A4004D7E74 /* PBXContainerItemProxy */;
		};
		01BB44A71E8F92A4004D7E74 /* PBXTargetDependency */ = {
			isa = PBXTargetDependency;
			target = 01BB44801E8F92A4004D7E74 /* XRZTransition */;
			targetProxy = 01BB44A61E8F92A4004D7E74 /* PBXContainerItemProxy */;
		};
/* End PBXTargetDependency section */

/* Begin PBXVariantGroup section */
		01BB448D1E8F92A4004D7E74 /* Main.storyboard */ = {
			isa = PBXVariantGroup;
			children = (
				01BB448E1E8F92A4004D7E74 /* Base */,
			);
			name = Main.storyboard;
			sourceTree = "<group>";
		};
		01BB44921E8F92A4004D7E74 /* LaunchScreen.storyboard */ = {
			isa = PBXVariantGroup;
			children = (
				01BB44931E8F92A4004D7E74 /* Base */,
			);
			name = LaunchScreen.storyboard;
			sourceTree = "<group>";
		};
/* End PBXVariantGroup section */

/* Begin XCBuildConfiguration section */
		01BB44AC1E8F92A4004D7E74 /* Debug */ = {
			isa = XCBuildConfiguration;
			buildSettings = {
				ALWAYS_SEARCH_USER_PATHS = NO;
				CLANG_ANALYZER_NONNULL = YES;
				CLANG_ANALYZER_NUMBER_OBJECT_CONVERSION = YES_AGGRESSIVE;
				CLANG_CXX_LANGUAGE_STANDARD = "gnu++0x";
				CLANG_CXX_LIBRARY = "libc++";
				CLANG_ENABLE_MODULES = YES;
				CLANG_ENABLE_OBJC_ARC = YES;
				CLANG_WARN_BOOL_CONVERSION = YES;
				CLANG_WARN_CONSTANT_CONVERSION = YES;
				CLANG_WARN_DIRECT_OBJC_ISA_USAGE = YES_ERROR;
				CLANG_WARN_DOCUMENTATION_COMMENTS = YES;
				CLANG_WARN_EMPTY_BODY = YES;
				CLANG_WARN_ENUM_CONVERSION = YES;
				CLANG_WARN_INFINITE_RECURSION = YES;
				CLANG_WARN_INT_CONVERSION = YES;
				CLANG_WARN_OBJC_ROOT_CLASS = YES_ERROR;
				CLANG_WARN_SUSPICIOUS_MOVE = YES;
				CLANG_WARN_UNREACHABLE_CODE = YES;
				CLANG_WARN__DUPLICATE_METHOD_MATCH = YES;
				"CODE_SIGN_IDENTITY[sdk=iphoneos*]" = "iPhone Developer";
				COPY_PHASE_STRIP = NO;
				DEBUG_INFORMATION_FORMAT = dwarf;
				ENABLE_STRICT_OBJC_MSGSEND = YES;
				ENABLE_TESTABILITY = YES;
				GCC_C_LANGUAGE_STANDARD = gnu99;
				GCC_DYNAMIC_NO_PIC = NO;
				GCC_NO_COMMON_BLOCKS = YES;
				GCC_OPTIMIZATION_LEVEL = 0;
				GCC_PREPROCESSOR_DEFINITIONS = (
					"DEBUG=1",
					"$(inherited)",
				);
				GCC_WARN_64_TO_32_BIT_CONVERSION = YES;
				GCC_WARN_ABOUT_RETURN_TYPE = YES_ERROR;
				GCC_WARN_UNDECLARED_SELECTOR = YES;
				GCC_WARN_UNINITIALIZED_AUTOS = YES_AGGRESSIVE;
				GCC_WARN_UNUSED_FUNCTION = YES;
				GCC_WARN_UNUSED_VARIABLE = YES;
				IPHONEOS_DEPLOYMENT_TARGET = 10.3;
				MTL_ENABLE_DEBUG_INFO = YES;
				ONLY_ACTIVE_ARCH = YES;
				SDKROOT = iphoneos;
			};
			name = Debug;
		};
		01BB44AD1E8F92A4004D7E74 /* Release */ = {
			isa = XCBuildConfiguration;
			buildSettings = {
				ALWAYS_SEARCH_USER_PATHS = NO;
				CLANG_ANALYZER_NONNULL = YES;
				CLANG_ANALYZER_NUMBER_OBJECT_CONVERSION = YES_AGGRESSIVE;
				CLANG_CXX_LANGUAGE_STANDARD = "gnu++0x";
				CLANG_CXX_LIBRARY = "libc++";
				CLANG_ENABLE_MODULES = YES;
				CLANG_ENABLE_OBJC_ARC = YES;
				CLANG_WARN_BOOL_CONVERSION = YES;
				CLANG_WARN_CONSTANT_CONVERSION = YES;
				CLANG_WARN_DIRECT_OBJC_ISA_USAGE = YES_ERROR;
				CLANG_WARN_DOCUMENTATION_COMMENTS = YES;
				CLANG_WARN_EMPTY_BODY = YES;
				CLANG_WARN_ENUM_CONVERSION = YES;
				CLANG_WARN_INFINITE_RECURSION = YES;
				CLANG_WARN_INT_CONVERSION = YES;
				CLANG_WARN_OBJC_ROOT_CLASS = YES_ERROR;
				CLANG_WARN_SUSPICIOUS_MOVE = YES;
				CLANG_WARN_UNREACHABLE_CODE = YES;
				CLANG_WARN__DUPLICATE_METHOD_MATCH = YES;
				"CODE_SIGN_IDENTITY[sdk=iphoneos*]" = "iPhone Developer";
				COPY_PHASE_STRIP = NO;
				DEBUG_INFORMATION_FORMAT = "dwarf-with-dsym";
				ENABLE_NS_ASSERTIONS = NO;
				ENABLE_STRICT_OBJC_MSGSEND = YES;
				GCC_C_LANGUAGE_STANDARD = gnu99;
				GCC_NO_COMMON_BLOCKS = YES;
				GCC_WARN_64_TO_32_BIT_CONVERSION = YES;
				GCC_WARN_ABOUT_RETURN_TYPE = YES_ERROR;
				GCC_WARN_UNDECLARED_SELECTOR = YES;
				GCC_WARN_UNINITIALIZED_AUTOS = YES_AGGRESSIVE;
				GCC_WARN_UNUSED_FUNCTION = YES;
				GCC_WARN_UNUSED_VARIABLE = YES;
				IPHONEOS_DEPLOYMENT_TARGET = 10.3;
				MTL_ENABLE_DEBUG_INFO = NO;
				SDKROOT = iphoneos;
				VALIDATE_PRODUCT = YES;
			};
			name = Release;
		};
		01BB44AF1E8F92A4004D7E74 /* Debug */ = {
			isa = XCBuildConfiguration;
			buildSettings = {
				ASSETCATALOG_COMPILER_APPICON_NAME = AppIcon;
				DEVELOPMENT_TEAM = 599FJK8FBV;
				INFOPLIST_FILE = XRZTransition/Info.plist;
				LD_RUNPATH_SEARCH_PATHS = "$(inherited) @executable_path/Frameworks";
				PRODUCT_BUNDLE_IDENTIFIER = Cactus.XRZTransition;
				PRODUCT_NAME = "$(TARGET_NAME)";
			};
			name = Debug;
		};
		01BB44B01E8F92A4004D7E74 /* Release */ = {
			isa = XCBuildConfiguration;
			buildSettings = {
				ASSETCATALOG_COMPILER_APPICON_NAME = AppIcon;
				DEVELOPMENT_TEAM = 599FJK8FBV;
				INFOPLIST_FILE = XRZTransition/Info.plist;
				LD_RUNPATH_SEARCH_PATHS = "$(inherited) @executable_path/Frameworks";
				PRODUCT_BUNDLE_IDENTIFIER = Cactus.XRZTransition;
				PRODUCT_NAME = "$(TARGET_NAME)";
			};
			name = Release;
		};
		01BB44B21E8F92A4004D7E74 /* Debug */ = {
			isa = XCBuildConfiguration;
			buildSettings = {
				BUNDLE_LOADER = "$(TEST_HOST)";
				DEVELOPMENT_TEAM = 599FJK8FBV;
				INFOPLIST_FILE = XRZTransitionTests/Info.plist;
				LD_RUNPATH_SEARCH_PATHS = "$(inherited) @executable_path/Frameworks @loader_path/Frameworks";
				PRODUCT_BUNDLE_IDENTIFIER = Cactus.XRZTransitionTests;
				PRODUCT_NAME = "$(TARGET_NAME)";
				TEST_HOST = "$(BUILT_PRODUCTS_DIR)/XRZTransition.app/XRZTransition";
			};
			name = Debug;
		};
		01BB44B31E8F92A4004D7E74 /* Release */ = {
			isa = XCBuildConfiguration;
			buildSettings = {
				BUNDLE_LOADER = "$(TEST_HOST)";
				DEVELOPMENT_TEAM = 599FJK8FBV;
				INFOPLIST_FILE = XRZTransitionTests/Info.plist;
				LD_RUNPATH_SEARCH_PATHS = "$(inherited) @executable_path/Frameworks @loader_path/Frameworks";
				PRODUCT_BUNDLE_IDENTIFIER = Cactus.XRZTransitionTests;
				PRODUCT_NAME = "$(TARGET_NAME)";
				TEST_HOST = "$(BUILT_PRODUCTS_DIR)/XRZTransition.app/XRZTransition";
			};
			name = Release;
		};
		01BB44B51E8F92A4004D7E74 /* Debug */ = {
			isa = XCBuildConfiguration;
			buildSettings = {
				DEVELOPMENT_TEAM = 599FJK8FBV;
				INFOPLIST_FILE = XRZTransitionUITests/Info.plist;
				LD_RUNPATH_SEARCH_PATHS = "$(inherited) @executable_path/Frameworks @loader_path/Frameworks";
				PRODUCT_BUNDLE_IDENTIFIER = Cactus.XRZTransitionUITests;
				PRODUCT_NAME = "$(TARGET_NAME)";
				TEST_TARGET_NAME = XRZTransition;
			};
			name = Debug;
		};
		01BB44B61E8F92A4004D7E74 /* Release */ = {
			isa = XCBuildConfiguration;
			buildSettings = {
				DEVELOPMENT_TEAM = 599FJK8FBV;
				INFOPLIST_FILE = XRZTransitionUITests/Info.plist;
				LD_RUNPATH_SEARCH_PATHS = "$(inherited) @executable_path/Frameworks @loader_path/Frameworks";
				PRODUCT_BUNDLE_IDENTIFIER = Cactus.XRZTransitionUITests;
				PRODUCT_NAME = "$(TARGET_NAME)";
				TEST_TARGET_NAME = XRZTransition;
			};
			name = Release;
		};
/* End XCBuildConfiguration section */

/* Begin XCConfigurationList section */
		01BB447C1E8F92A4004D7E74 /* Build configuration list for PBXProject "XRZTransition" */ = {
			isa = XCConfigurationList;
			buildConfigurations = (
				01BB44AC1E8F92A4004D7E74 /* Debug */,
				01BB44AD1E8F92A4004D7E74 /* Release */,
			);
			defaultConfigurationIsVisible = 0;
			defaultConfigurationName = Release;
		};
		01BB44AE1E8F92A4004D7E74 /* Build configuration list for PBXNativeTarget "XRZTransition" */ = {
			isa = XCConfigurationList;
			buildConfigurations = (
				01BB44AF1E8F92A4004D7E74 /* Debug */,
				01BB44B01E8F92A4004D7E74 /* Release */,
			);
			defaultConfigurationIsVisible = 0;
		};
		01BB44B11E8F92A4004D7E74 /* Build configuration list for PBXNativeTarget "XRZTransitionTests" */ = {
			isa = XCConfigurationList;
			buildConfigurations = (
				01BB44B21E8F92A4004D7E74 /* Debug */,
				01BB44B31E8F92A4004D7E74 /* Release */,
			);
			defaultConfigurationIsVisible = 0;
		};
		01BB44B41E8F92A4004D7E74 /* Build configuration list for PBXNativeTarget "XRZTransitionUITests" */ = {
			isa = XCConfigurationList;
			buildConfigurations = (
				01BB44B51E8F92A4004D7E74 /* Debug */,
				01BB44B61E8F92A4004D7E74 /* Release */,
			);
			defaultConfigurationIsVisible = 0;
		};
/* End XCConfigurationList section */
	};
	rootObject = 01BB44791E8F92A4004D7E74 /* Project object */;
}
